// !$*UTF8*$!
{
	archiveVersion = 1;
	classes = {
	};
	objectVersion = 46;
	objects = {

/* Begin PBXBuildFile section */
		2AB027435AA6A75DB0A84ABB /* libPods.a in Frameworks */ = {isa = PBXBuildFile; fileRef = 12A56B8C42771AE0B4826308 /* libPods.a */; };
		8B3130691A76F619001D4C0E /* FullScreenImageViewController.m in Sources */ = {isa = PBXBuildFile; fileRef = 8B3130671A76F619001D4C0E /* FullScreenImageViewController.m */; };
		8B31306A1A76F619001D4C0E /* FullScreenImageViewController.xib in Resources */ = {isa = PBXBuildFile; fileRef = 8B3130681A76F619001D4C0E /* FullScreenImageViewController.xib */; };
		8B4F00A91A71A7E3007BE5A8 /* MovieDetailViewController.m in Sources */ = {isa = PBXBuildFile; fileRef = 8B4F00A71A71A7E3007BE5A8 /* MovieDetailViewController.m */; };
		8B4F00AA1A71A7E3007BE5A8 /* MovieDetailViewController.xib in Resources */ = {isa = PBXBuildFile; fileRef = 8B4F00A81A71A7E3007BE5A8 /* MovieDetailViewController.xib */; };
		8B60693A1A7086A3000E824F /* MovieCell.m in Sources */ = {isa = PBXBuildFile; fileRef = 8B6069381A7086A3000E824F /* MovieCell.m */; };
		8B60693B1A7086A3000E824F /* MovieCell.xib in Resources */ = {isa = PBXBuildFile; fileRef = 8B6069391A7086A3000E824F /* MovieCell.xib */; };
		8BA8BAD21A6F544A00AEC115 /* main.m in Sources */ = {isa = PBXBuildFile; fileRef = 8BA8BAD11A6F544A00AEC115 /* main.m */; };
		8BA8BAD51A6F544A00AEC115 /* AppDelegate.m in Sources */ = {isa = PBXBuildFile; fileRef = 8BA8BAD41A6F544A00AEC115 /* AppDelegate.m */; };
		8BA8BADD1A6F544A00AEC115 /* Images.xcassets in Resources */ = {isa = PBXBuildFile; fileRef = 8BA8BADC1A6F544A00AEC115 /* Images.xcassets */; };
		8BA8BAE01A6F544A00AEC115 /* LaunchScreen.xib in Resources */ = {isa = PBXBuildFile; fileRef = 8BA8BADE1A6F544A00AEC115 /* LaunchScreen.xib */; };
		8BA8BAEC1A6F544A00AEC115 /* Rotten_TomatoesTests.m in Sources */ = {isa = PBXBuildFile; fileRef = 8BA8BAEB1A6F544A00AEC115 /* Rotten_TomatoesTests.m */; };
		8BA8BAF81A6F54FC00AEC115 /* MovieViewController.m in Sources */ = {isa = PBXBuildFile; fileRef = 8BA8BAF61A6F54FC00AEC115 /* MovieViewController.m */; };
		8BA8BAF91A6F54FC00AEC115 /* MovieViewController.xib in Resources */ = {isa = PBXBuildFile; fileRef = 8BA8BAF71A6F54FC00AEC115 /* MovieViewController.xib */; };
		D527ABDFE1A5E92C6E03DDAB /* UIImageView+AFNetworkingFadeInAdditions.m in Sources */ = {isa = PBXBuildFile; fileRef = D527A6509D7FC9E28890E2B2 /* UIImageView+AFNetworkingFadeInAdditions.m */; };
/* End PBXBuildFile section */

/* Begin PBXContainerItemProxy section */
		8BA8BAE61A6F544A00AEC115 /* PBXContainerItemProxy */ = {
			isa = PBXContainerItemProxy;
			containerPortal = 8BA8BAC41A6F544A00AEC115 /* Project object */;
			proxyType = 1;
			remoteGlobalIDString = 8BA8BACB1A6F544A00AEC115;
			remoteInfo = "Rotten Tomatoes";
		};
/* End PBXContainerItemProxy section */

/* Begin PBXFileReference section */
		12A56B8C42771AE0B4826308 /* libPods.a */ = {isa = PBXFileReference; explicitFileType = archive.ar; includeInIndex = 0; path = libPods.a; sourceTree = BUILT_PRODUCTS_DIR; };
		2EEB9AE7FDDD571325020FB8 /* Pods.release.xcconfig */ = {isa = PBXFileReference; includeInIndex = 1; lastKnownFileType = text.xcconfig; name = Pods.release.xcconfig; path = "Pods/Target Support Files/Pods/Pods.release.xcconfig"; sourceTree = "<group>"; };
		8B3130661A76F619001D4C0E /* FullScreenImageViewController.h */ = {isa = PBXFileReference; fileEncoding = 4; lastKnownFileType = sourcecode.c.h; path = FullScreenImageViewController.h; sourceTree = "<group>"; };
		8B3130671A76F619001D4C0E /* FullScreenImageViewController.m */ = {isa = PBXFileReference; fileEncoding = 4; lastKnownFileType = sourcecode.c.objc; path = FullScreenImageViewController.m; sourceTree = "<group>"; };
		8B3130681A76F619001D4C0E /* FullScreenImageViewController.xib */ = {isa = PBXFileReference; fileEncoding = 4; lastKnownFileType = file.xib; path = FullScreenImageViewController.xib; sourceTree = "<group>"; };
		8B4F00A61A71A7E3007BE5A8 /* MovieDetailViewController.h */ = {isa = PBXFileReference; fileEncoding = 4; lastKnownFileType = sourcecode.c.h; path = MovieDetailViewController.h; sourceTree = "<group>"; };
		8B4F00A71A71A7E3007BE5A8 /* MovieDetailViewController.m */ = {isa = PBXFileReference; fileEncoding = 4; lastKnownFileType = sourcecode.c.objc; path = MovieDetailViewController.m; sourceTree = "<group>"; };
		8B4F00A81A71A7E3007BE5A8 /* MovieDetailViewController.xib */ = {isa = PBXFileReference; fileEncoding = 4; lastKnownFileType = file.xib; path = MovieDetailViewController.xib; sourceTree = "<group>"; };
		8B6069371A7086A3000E824F /* MovieCell.h */ = {isa = PBXFileReference; fileEncoding = 4; lastKnownFileType = sourcecode.c.h; path = MovieCell.h; sourceTree = "<group>"; };
		8B6069381A7086A3000E824F /* MovieCell.m */ = {isa = PBXFileReference; fileEncoding = 4; lastKnownFileType = sourcecode.c.objc; path = MovieCell.m; sourceTree = "<group>"; };
		8B6069391A7086A3000E824F /* MovieCell.xib */ = {isa = PBXFileReference; fileEncoding = 4; lastKnownFileType = file.xib; path = MovieCell.xib; sourceTree = "<group>"; };
		8BA8BACC1A6F544A00AEC115 /* Rotten Tomatoes.app */ = {isa = PBXFileReference; explicitFileType = wrapper.application; includeInIndex = 0; path = "Rotten Tomatoes.app"; sourceTree = BUILT_PRODUCTS_DIR; };
		8BA8BAD01A6F544A00AEC115 /* Info.plist */ = {isa = PBXFileReference; lastKnownFileType = text.plist.xml; path = Info.plist; sourceTree = "<group>"; };
		8BA8BAD11A6F544A00AEC115 /* main.m */ = {isa = PBXFileReference; lastKnownFileType = sourcecode.c.objc; path = main.m; sourceTree = "<group>"; };
		8BA8BAD31A6F544A00AEC115 /* AppDelegate.h */ = {isa = PBXFileReference; lastKnownFileType = sourcecode.c.h; path = AppDelegate.h; sourceTree = "<group>"; };
		8BA8BAD41A6F544A00AEC115 /* AppDelegate.m */ = {isa = PBXFileReference; lastKnownFileType = sourcecode.c.objc; path = AppDelegate.m; sourceTree = "<group>"; };
		8BA8BADC1A6F544A00AEC115 /* Images.xcassets */ = {isa = PBXFileReference; lastKnownFileType = folder.assetcatalog; path = Images.xcassets; sourceTree = "<group>"; };
		8BA8BADF1A6F544A00AEC115 /* Base */ = {isa = PBXFileReference; lastKnownFileType = file.xib; name = Base; path = Base.lproj/LaunchScreen.xib; sourceTree = "<group>"; };
		8BA8BAE51A6F544A00AEC115 /* Rotten TomatoesTests.xctest */ = {isa = PBXFileReference; explicitFileType = wrapper.cfbundle; includeInIndex = 0; path = "Rotten TomatoesTests.xctest"; sourceTree = BUILT_PRODUCTS_DIR; };
		8BA8BAEA1A6F544A00AEC115 /* Info.plist */ = {isa = PBXFileReference; lastKnownFileType = text.plist.xml; path = Info.plist; sourceTree = "<group>"; };
		8BA8BAEB1A6F544A00AEC115 /* Rotten_TomatoesTests.m */ = {isa = PBXFileReference; lastKnownFileType = sourcecode.c.objc; path = Rotten_TomatoesTests.m; sourceTree = "<group>"; };
		8BA8BAF51A6F54FC00AEC115 /* MovieViewController.h */ = {isa = PBXFileReference; fileEncoding = 4; lastKnownFileType = sourcecode.c.h; path = MovieViewController.h; sourceTree = "<group>"; };
		8BA8BAF61A6F54FC00AEC115 /* MovieViewController.m */ = {isa = PBXFileReference; fileEncoding = 4; lastKnownFileType = sourcecode.c.objc; path = MovieViewController.m; sourceTree = "<group>"; };
		8BA8BAF71A6F54FC00AEC115 /* MovieViewController.xib */ = {isa = PBXFileReference; fileEncoding = 4; lastKnownFileType = file.xib; path = MovieViewController.xib; sourceTree = "<group>"; };
		D527A0F167BB9C7D72ECF66E /* UIImageView+AFNetworkingFadeInAdditions.h */ = {isa = PBXFileReference; fileEncoding = 4; lastKnownFileType = sourcecode.c.h; path = "UIImageView+AFNetworkingFadeInAdditions.h"; sourceTree = "<group>"; };
		D527A6509D7FC9E28890E2B2 /* UIImageView+AFNetworkingFadeInAdditions.m */ = {isa = PBXFileReference; fileEncoding = 4; lastKnownFileType = sourcecode.c.objc; path = "UIImageView+AFNetworkingFadeInAdditions.m"; sourceTree = "<group>"; };
		E045BD58BC8953BFD6156102 /* Pods.debug.xcconfig */ = {isa = PBXFileReference; includeInIndex = 1; lastKnownFileType = text.xcconfig; name = Pods.debug.xcconfig; path = "Pods/Target Support Files/Pods/Pods.debug.xcconfig"; sourceTree = "<group>"; };
/* End PBXFileReference section */

/* Begin PBXFrameworksBuildPhase section */
		8BA8BAC91A6F544A00AEC115 /* Frameworks */ = {
			isa = PBXFrameworksBuildPhase;
			buildActionMask = 2147483647;
			files = (
				2AB027435AA6A75DB0A84ABB /* libPods.a in Frameworks */,
			);
			runOnlyForDeploymentPostprocessing = 0;
		};
		8BA8BAE21A6F544A00AEC115 /* Frameworks */ = {
			isa = PBXFrameworksBuildPhase;
			buildActionMask = 2147483647;
			files = (
			);
			runOnlyForDeploymentPostprocessing = 0;
		};
/* End PBXFrameworksBuildPhase section */

/* Begin PBXGroup section */
		82D2CF89857B821464EB3CC5 /* Pods */ = {
			isa = PBXGroup;
			children = (
				E045BD58BC8953BFD6156102 /* Pods.debug.xcconfig */,
				2EEB9AE7FDDD571325020FB8 /* Pods.release.xcconfig */,
			);
			name = Pods;
			sourceTree = "<group>";
		};
		89A77BABC8BECCBFF02CCB4F /* Frameworks */ = {
			isa = PBXGroup;
			children = (
				12A56B8C42771AE0B4826308 /* libPods.a */,
			);
			name = Frameworks;
			sourceTree = "<group>";
		};
		8BA8BAC31A6F544A00AEC115 = {
			isa = PBXGroup;
			children = (
				8BA8BACE1A6F544A00AEC115 /* Rotten Tomatoes */,
				8BA8BAE81A6F544A00AEC115 /* Rotten TomatoesTests */,
				8BA8BACD1A6F544A00AEC115 /* Products */,
				82D2CF89857B821464EB3CC5 /* Pods */,
				89A77BABC8BECCBFF02CCB4F /* Frameworks */,
			);
			sourceTree = "<group>";
		};
		8BA8BACD1A6F544A00AEC115 /* Products */ = {
			isa = PBXGroup;
			children = (
				8BA8BACC1A6F544A00AEC115 /* Rotten Tomatoes.app */,
				8BA8BAE51A6F544A00AEC115 /* Rotten TomatoesTests.xctest */,
			);
			name = Products;
			sourceTree = "<group>";
		};
		8BA8BACE1A6F544A00AEC115 /* Rotten Tomatoes */ = {
			isa = PBXGroup;
			children = (
				8BA8BAF51A6F54FC00AEC115 /* MovieViewController.h */,
				8BA8BAF61A6F54FC00AEC115 /* MovieViewController.m */,
				8BA8BAF71A6F54FC00AEC115 /* MovieViewController.xib */,
				8BA8BAD31A6F544A00AEC115 /* AppDelegate.h */,
				8BA8BAD41A6F544A00AEC115 /* AppDelegate.m */,
				8BA8BADC1A6F544A00AEC115 /* Images.xcassets */,
				8BA8BADE1A6F544A00AEC115 /* LaunchScreen.xib */,
				8BA8BACF1A6F544A00AEC115 /* Supporting Files */,
				8B6069371A7086A3000E824F /* MovieCell.h */,
				8B6069381A7086A3000E824F /* MovieCell.m */,
				8B6069391A7086A3000E824F /* MovieCell.xib */,
				8B4F00A61A71A7E3007BE5A8 /* MovieDetailViewController.h */,
				8B4F00A71A71A7E3007BE5A8 /* MovieDetailViewController.m */,
				8B4F00A81A71A7E3007BE5A8 /* MovieDetailViewController.xib */,
				D527A6509D7FC9E28890E2B2 /* UIImageView+AFNetworkingFadeInAdditions.m */,
				D527A0F167BB9C7D72ECF66E /* UIImageView+AFNetworkingFadeInAdditions.h */,
				8B3130661A76F619001D4C0E /* FullScreenImageViewController.h */,
				8B3130671A76F619001D4C0E /* FullScreenImageViewController.m */,
				8B3130681A76F619001D4C0E /* FullScreenImageViewController.xib */,
			);
			path = "Rotten Tomatoes";
			sourceTree = "<group>";
		};
		8BA8BACF1A6F544A00AEC115 /* Supporting Files */ = {
			isa = PBXGroup;
			children = (
				8BA8BAD01A6F544A00AEC115 /* Info.plist */,
				8BA8BAD11A6F544A00AEC115 /* main.m */,
			);
			name = "Supporting Files";
			sourceTree = "<group>";
		};
		8BA8BAE81A6F544A00AEC115 /* Rotten TomatoesTests */ = {
			isa = PBXGroup;
			children = (
				8BA8BAEB1A6F544A00AEC115 /* Rotten_TomatoesTests.m */,
				8BA8BAE91A6F544A00AEC115 /* Supporting Files */,
			);
			path = "Rotten TomatoesTests";
			sourceTree = "<group>";
		};
		8BA8BAE91A6F544A00AEC115 /* Supporting Files */ = {
			isa = PBXGroup;
			children = (
				8BA8BAEA1A6F544A00AEC115 /* Info.plist */,
			);
			name = "Supporting Files";
			sourceTree = "<group>";
		};
/* End PBXGroup section */

/* Begin PBXNativeTarget section */
		8BA8BACB1A6F544A00AEC115 /* Rotten Tomatoes */ = {
			isa = PBXNativeTarget;
			buildConfigurationList = 8BA8BAEF1A6F544A00AEC115 /* Build configuration list for PBXNativeTarget "Rotten Tomatoes" */;
			buildPhases = (
				FFA392EFCAE964339235921F /* Check Pods Manifest.lock */,
				8BA8BAC81A6F544A00AEC115 /* Sources */,
				8BA8BAC91A6F544A00AEC115 /* Frameworks */,
				8BA8BACA1A6F544A00AEC115 /* Resources */,
				EC17A08B8565DB5053BEEED0 /* Copy Pods Resources */,
			);
			buildRules = (
			);
			dependencies = (
			);
			name = "Rotten Tomatoes";
			productName = "Rotten Tomatoes";
			productReference = 8BA8BACC1A6F544A00AEC115 /* Rotten Tomatoes.app */;
			productType = "com.apple.product-type.application";
		};
		8BA8BAE41A6F544A00AEC115 /* Rotten TomatoesTests */ = {
			isa = PBXNativeTarget;
			buildConfigurationList = 8BA8BAF21A6F544A00AEC115 /* Build configuration list for PBXNativeTarget "Rotten TomatoesTests" */;
			buildPhases = (
				8BA8BAE11A6F544A00AEC115 /* Sources */,
				8BA8BAE21A6F544A00AEC115 /* Frameworks */,
				8BA8BAE31A6F544A00AEC115 /* Resources */,
			);
			buildRules = (
			);
			dependencies = (
				8BA8BAE71A6F544A00AEC115 /* PBXTargetDependency */,
			);
			name = "Rotten TomatoesTests";
			productName = "Rotten TomatoesTests";
			productReference = 8BA8BAE51A6F544A00AEC115 /* Rotten TomatoesTests.xctest */;
			productType = "com.apple.product-type.bundle.unit-test";
		};
/* End PBXNativeTarget section */

/* Begin PBXProject section */
		8BA8BAC41A6F544A00AEC115 /* Project object */ = {
			isa = PBXProject;
			attributes = {
				LastUpgradeCheck = 0610;
				ORGANIZATIONNAME = "Yahoo!";
				TargetAttributes = {
					8BA8BACB1A6F544A00AEC115 = {
						CreatedOnToolsVersion = 6.1.1;
						DevelopmentTeam = FZ2UKN422W;
					};
					8BA8BAE41A6F544A00AEC115 = {
						CreatedOnToolsVersion = 6.1.1;
						TestTargetID = 8BA8BACB1A6F544A00AEC115;
					};
				};
			};
			buildConfigurationList = 8BA8BAC71A6F544A00AEC115 /* Build configuration list for PBXProject "Rotten Tomatoes" */;
			compatibilityVersion = "Xcode 3.2";
			developmentRegion = English;
			hasScannedForEncodings = 0;
			knownRegions = (
				en,
				Base,
			);
			mainGroup = 8BA8BAC31A6F544A00AEC115;
			productRefGroup = 8BA8BACD1A6F544A00AEC115 /* Products */;
			projectDirPath = "";
			projectRoot = "";
			targets = (
				8BA8BACB1A6F544A00AEC115 /* Rotten Tomatoes */,
				8BA8BAE41A6F544A00AEC115 /* Rotten TomatoesTests */,
			);
		};
/* End PBXProject section */

/* Begin PBXResourcesBuildPhase section */
		8BA8BACA1A6F544A00AEC115 /* Resources */ = {
			isa = PBXResourcesBuildPhase;
			buildActionMask = 2147483647;
			files = (
				8B4F00AA1A71A7E3007BE5A8 /* MovieDetailViewController.xib in Resources */,
				8BA8BAF91A6F54FC00AEC115 /* MovieViewController.xib in Resources */,
				8BA8BAE01A6F544A00AEC115 /* LaunchScreen.xib in Resources */,
				8B60693B1A7086A3000E824F /* MovieCell.xib in Resources */,
				8BA8BADD1A6F544A00AEC115 /* Images.xcassets in Resources */,
				8B31306A1A76F619001D4C0E /* FullScreenImageViewController.xib in Resources */,
			);
			runOnlyForDeploymentPostprocessing = 0;
		};
		8BA8BAE31A6F544A00AEC115 /* Resources */ = {
			isa = PBXResourcesBuildPhase;
			buildActionMask = 2147483647;
			files = (
			);
			runOnlyForDeploymentPostprocessing = 0;
		};
/* End PBXResourcesBuildPhase section */

/* Begin PBXShellScriptBuildPhase section */
		EC17A08B8565DB5053BEEED0 /* Copy Pods Resources */ = {
			isa = PBXShellScriptBuildPhase;
			buildActionMask = 2147483647;
			files = (
			);
			inputPaths = (
			);
			name = "Copy Pods Resources";
			outputPaths = (
			);
			runOnlyForDeploymentPostprocessing = 0;
			shellPath = /bin/sh;
			shellScript = "\"${SRCROOT}/Pods/Target Support Files/Pods/Pods-resources.sh\"\n";
			showEnvVarsInLog = 0;
		};
		FFA392EFCAE964339235921F /* Check Pods Manifest.lock */ = {
			isa = PBXShellScriptBuildPhase;
			buildActionMask = 2147483647;
			files = (
			);
			inputPaths = (
			);
			name = "Check Pods Manifest.lock";
			outputPaths = (
			);
			runOnlyForDeploymentPostprocessing = 0;
			shellPath = /bin/sh;
			shellScript = "diff \"${PODS_ROOT}/../Podfile.lock\" \"${PODS_ROOT}/Manifest.lock\" > /dev/null\nif [[ $? != 0 ]] ; then\n    cat << EOM\nerror: The sandbox is not in sync with the Podfile.lock. Run 'pod install' or update your CocoaPods installation.\nEOM\n    exit 1\nfi\n";
			showEnvVarsInLog = 0;
		};
/* End PBXShellScriptBuildPhase section */

/* Begin PBXSourcesBuildPhase section */
		8BA8BAC81A6F544A00AEC115 /* Sources */ = {
			isa = PBXSourcesBuildPhase;
			buildActionMask = 2147483647;
			files = (
				8BA8BAD51A6F544A00AEC115 /* AppDelegate.m in Sources */,
				8B3130691A76F619001D4C0E /* FullScreenImageViewController.m in Sources */,
				8BA8BAF81A6F54FC00AEC115 /* MovieViewController.m in Sources */,
				8B4F00A91A71A7E3007BE5A8 /* MovieDetailViewController.m in Sources */,
				8B60693A1A7086A3000E824F /* MovieCell.m in Sources */,
				8BA8BAD21A6F544A00AEC115 /* main.m in Sources */,
				D527ABDFE1A5E92C6E03DDAB /* UIImageView+AFNetworkingFadeInAdditions.m in Sources */,
			);
			runOnlyForDeploymentPostprocessing = 0;
		};
		8BA8BAE11A6F544A00AEC115 /* Sources */ = {
			isa = PBXSourcesBuildPhase;
			buildActionMask = 2147483647;
			files = (
				8BA8BAEC1A6F544A00AEC115 /* Rotten_TomatoesTests.m in Sources */,
			);
			runOnlyForDeploymentPostprocessing = 0;
		};
/* End PBXSourcesBuildPhase section */

/* Begin PBXTargetDependency section */
		8BA8BAE71A6F544A00AEC115 /* PBXTargetDependency */ = {
			isa = PBXTargetDependency;
			target = 8BA8BACB1A6F544A00AEC115 /* Rotten Tomatoes */;
			targetProxy = 8BA8BAE61A6F544A00AEC115 /* PBXContainerItemProxy */;
		};
/* End PBXTargetDependency section */

/* Begin PBXVariantGroup section */
		8BA8BADE1A6F544A00AEC115 /* LaunchScreen.xib */ = {
			isa = PBXVariantGroup;
			children = (
				8BA8BADF1A6F544A00AEC115 /* Base */,
			);
			name = LaunchScreen.xib;
			sourceTree = "<group>";
		};
/* End PBXVariantGroup section */

/* Begin XCBuildConfiguration section */
		8BA8BAED1A6F544A00AEC115 /* Debug */ = {
			isa = XCBuildConfiguration;
			buildSettings = {
				ALWAYS_SEARCH_USER_PATHS = NO;
				CLANG_CXX_LANGUAGE_STANDARD = "gnu++0x";
				CLANG_CXX_LIBRARY = "libc++";
				CLANG_ENABLE_MODULES = YES;
				CLANG_ENABLE_OBJC_ARC = YES;
				CLANG_WARN_BOOL_CONVERSION = YES;
				CLANG_WARN_CONSTANT_CONVERSION = YES;
				CLANG_WARN_DIRECT_OBJC_ISA_USAGE = YES_ERROR;
				CLANG_WARN_EMPTY_BODY = YES;
				CLANG_WARN_ENUM_CONVERSION = YES;
				CLANG_WARN_INT_CONVERSION = YES;
				CLANG_WARN_OBJC_ROOT_CLASS = YES_ERROR;
				CLANG_WARN_UNREACHABLE_CODE = YES;
				CLANG_WARN__DUPLICATE_METHOD_MATCH = YES;
				"CODE_SIGN_IDENTITY[sdk=iphoneos*]" = "iPhone Developer";
				COPY_PHASE_STRIP = NO;
				ENABLE_STRICT_OBJC_MSGSEND = YES;
				GCC_C_LANGUAGE_STANDARD = gnu99;
				GCC_DYNAMIC_NO_PIC = NO;
				GCC_OPTIMIZATION_LEVEL = 0;
				GCC_PREPROCESSOR_DEFINITIONS = (
					"DEBUG=1",
					"$(inherited)",
				);
				GCC_SYMBOLS_PRIVATE_EXTERN = NO;
				GCC_WARN_64_TO_32_BIT_CONVERSION = YES;
				GCC_WARN_ABOUT_RETURN_TYPE = YES_ERROR;
				GCC_WARN_UNDECLARED_SELECTOR = YES;
				GCC_WARN_UNINITIALIZED_AUTOS = YES_AGGRESSIVE;
				GCC_WARN_UNUSED_FUNCTION = YES;
				GCC_WARN_UNUSED_VARIABLE = YES;
				IPHONEOS_DEPLOYMENT_TARGET = 8.1;
				MTL_ENABLE_DEBUG_INFO = YES;
				ONLY_ACTIVE_ARCH = YES;
				SDKROOT = iphoneos;
			};
			name = Debug;
		};
		8BA8BAEE1A6F544A00AEC115 /* Release */ = {
			isa = XCBuildConfiguration;
			buildSettings = {
				ALWAYS_SEARCH_USER_PATHS = NO;
				CLANG_CXX_LANGUAGE_STANDARD = "gnu++0x";
				CLANG_CXX_LIBRARY = "libc++";
				CLANG_ENABLE_MODULES = YES;
				CLANG_ENABLE_OBJC_ARC = YES;
				CLANG_WARN_BOOL_CONVERSION = YES;
				CLANG_WARN_CONSTANT_CONVERSION = YES;
				CLANG_WARN_DIRECT_OBJC_ISA_USAGE = YES_ERROR;
				CLANG_WARN_EMPTY_BODY = YES;
				CLANG_WARN_ENUM_CONVERSION = YES;
				CLANG_WARN_INT_CONVERSION = YES;
				CLANG_WARN_OBJC_ROOT_CLASS = YES_ERROR;
				CLANG_WARN_UNREACHABLE_CODE = YES;
				CLANG_WARN__DUPLICATE_METHOD_MATCH = YES;
				"CODE_SIGN_IDENTITY[sdk=iphoneos*]" = "iPhone Developer";
				COPY_PHASE_STRIP = YES;
				ENABLE_NS_ASSERTIONS = NO;
				ENABLE_STRICT_OBJC_MSGSEND = YES;
				GCC_C_LANGUAGE_STANDARD = gnu99;
				GCC_WARN_64_TO_32_BIT_CONVERSION = YES;
				GCC_WARN_ABOUT_RETURN_TYPE = YES_ERROR;
				GCC_WARN_UNDECLARED_SELECTOR = YES;
				GCC_WARN_UNINITIALIZED_AUTOS = YES_AGGRESSIVE;
				GCC_WARN_UNUSED_FUNCTION = YES;
				GCC_WARN_UNUSED_VARIABLE = YES;
				IPHONEOS_DEPLOYMENT_TARGET = 8.1;
				MTL_ENABLE_DEBUG_INFO = NO;
				SDKROOT = iphoneos;
				VALIDATE_PRODUCT = YES;
			};
			name = Release;
		};
		8BA8BAF01A6F544A00AEC115 /* Debug */ = {
			isa = XCBuildConfiguration;
			baseConfigurationReference = E045BD58BC8953BFD6156102 /* Pods.debug.xcconfig */;
			buildSettings = {
				ASSETCATALOG_COMPILER_APPICON_NAME = AppIcon;
				CODE_SIGN_IDENTITY = "iPhone Developer";
				"CODE_SIGN_IDENTITY[sdk=iphoneos*]" = "iPhone Developer";
				INFOPLIST_FILE = "Rotten Tomatoes/Info.plist";
				LD_RUNPATH_SEARCH_PATHS = "$(inherited) @executable_path/Frameworks";
				PRODUCT_NAME = "$(TARGET_NAME)";
				PROVISIONING_PROFILE = "";
				USER_HEADER_SEARCH_PATHS = "\"${PROJECT_DIR}/Pods\"/**";
			};
			name = Debug;
		};
		8BA8BAF11A6F544A00AEC115 /* Release */ = {
			isa = XCBuildConfiguration;
			baseConfigurationReference = 2EEB9AE7FDDD571325020FB8 /* Pods.release.xcconfig */;
			buildSettings = {
				ASSETCATALOG_COMPILER_APPICON_NAME = AppIcon;
				CODE_SIGN_IDENTITY = "iPhone Developer";
				"CODE_SIGN_IDENTITY[sdk=iphoneos*]" = "iPhone Developer";
				INFOPLIST_FILE = "Rotten Tomatoes/Info.plist";
				LD_RUNPATH_SEARCH_PATHS = "$(inherited) @executable_path/Frameworks";
				PRODUCT_NAME = "$(TARGET_NAME)";
				PROVISIONING_PROFILE = "";
				USER_HEADER_SEARCH_PATHS = "\"${PROJECT_DIR}/Pods\"/**";
			};
			name = Release;
		};
		8BA8BAF31A6F544A00AEC115 /* Debug */ = {
			isa = XCBuildConfiguration;
			buildSettings = {
				BUNDLE_LOADER = "$(TEST_HOST)";
				FRAMEWORK_SEARCH_PATHS = (
					"$(SDKROOT)/Developer/Library/Frameworks",
					"$(inherited)",
				);
				GCC_PREPROCESSOR_DEFINITIONS = (
					"DEBUG=1",
					"$(inherited)",
				);
				INFOPLIST_FILE = "Rotten TomatoesTests/Info.plist";
				LD_RUNPATH_SEARCH_PATHS = "$(inherited) @executable_path/Frameworks @loader_path/Frameworks";
				PRODUCT_NAME = "$(TARGET_NAME)";
				TEST_HOST = "$(BUILT_PRODUCTS_DIR)/Rotten Tomatoes.app/Rotten Tomatoes";
			};
			name = Debug;
		};
		8BA8BAF41A6F544A00AEC115 /* Release */ = {
			isa = XCBuildConfiguration;
			buildSettings = {
				BUNDLE_LOADER = "$(TEST_HOST)";
				FRAMEWORK_SEARCH_PATHS = (
					"$(SDKROOT)/Developer/Library/Frameworks",
					"$(inherited)",
				);
				INFOPLIST_FILE = "Rotten TomatoesTests/Info.plist";
				LD_RUNPATH_SEARCH_PATHS = "$(inherited) @executable_path/Frameworks @loader_path/Frameworks";
				PRODUCT_NAME = "$(TARGET_NAME)";
				TEST_HOST = "$(BUILT_PRODUCTS_DIR)/Rotten Tomatoes.app/Rotten Tomatoes";
			};
			name = Release;
		};
/* End XCBuildConfiguration section */

/* Begin XCConfigurationList section */
		8BA8BAC71A6F544A00AEC115 /* Build configuration list for PBXProject "Rotten Tomatoes" */ = {
			isa = XCConfigurationList;
			buildConfigurations = (
				8BA8BAED1A6F544A00AEC115 /* Debug */,
				8BA8BAEE1A6F544A00AEC115 /* Release */,
			);
			defaultConfigurationIsVisible = 0;
			defaultConfigurationName = Release;
		};
		8BA8BAEF1A6F544A00AEC115 /* Build configuration list for PBXNativeTarget "Rotten Tomatoes" */ = {
			isa = XCConfigurationList;
			buildConfigurations = (
				8BA8BAF01A6F544A00AEC115 /* Debug */,
				8BA8BAF11A6F544A00AEC115 /* Release */,
			);
			defaultConfigurationIsVisible = 0;
			defaultConfigurationName = Release;
		};
		8BA8BAF21A6F544A00AEC115 /* Build configuration list for PBXNativeTarget "Rotten TomatoesTests" */ = {
			isa = XCConfigurationList;
			buildConfigurations = (
				8BA8BAF31A6F544A00AEC115 /* Debug */,
				8BA8BAF41A6F544A00AEC115 /* Release */,
			);
			defaultConfigurationIsVisible = 0;
			defaultConfigurationName = Release;
		};
/* End XCConfigurationList section */
	};
	rootObject = 8BA8BAC41A6F544A00AEC115 /* Project object */;
}
